Microsoft Visual Studio Solution File, Format Version 11.00
# Visual Studio 2008

Project("{509CE851-DFFB-AB22-C714-0D2D03A61213}") = "Landscape Generation", "Assembly-CSharp.csproj", "{A48DCC41-8DEA-CB88-343D-5176FD52181F}"
EndProject
Global
	GlobalSection(SolutionConfigurationPlatforms) = preSolution
		Debug|Any CPU = Debug|Any CPU
		Release|Any CPU = Release|Any CPU
	EndGlobalSection
	GlobalSection(ProjectConfigurationPlatforms) = postSolution
		{A48DCC41-8DEA-CB88-343D-5176FD52181F}.Debug|Any CPU.ActiveCfg = Debug|Any CPU
		{A48DCC41-8DEA-CB88-343D-5176FD52181F}.Debug|Any CPU.Build.0 = Debug|Any CPU
		{A48DCC41-8DEA-CB88-343D-5176FD52181F}.Release|Any CPU.ActiveCfg = Release|Any CPU
		{A48DCC41-8DEA-CB88-343D-5176FD52181F}.Release|Any CPU.Build.0 = Release|Any CPU
	EndGlobalSection
	GlobalSection(SolutionProperties) = preSolution
		HideSolutionNode = FALSE
	EndGlobalSection
	GlobalSection(MonoDevelopProperties) = preSolution
		StartupItem = Assembly-CSharp.csproj
	EndGlobalSection
EndGlobal
