<<<<<<< HEAD
Microsoft Visual Studio Solution File, Format Version 11.00
# Visual Studio 2008

Project("{82DD98F1-D663-ACC3-18E6-A8EC4AB69B7A}") = "Unity", "Assembly-CSharp.csproj", "{CD8C9303-404B-FB8D-6B9B-21988D5CAC0A}"
EndProject
Global
	GlobalSection(SolutionConfigurationPlatforms) = preSolution
		Debug|Any CPU = Debug|Any CPU
		Release|Any CPU = Release|Any CPU
	EndGlobalSection
	GlobalSection(ProjectConfigurationPlatforms) = postSolution
		{CD8C9303-404B-FB8D-6B9B-21988D5CAC0A}.Debug|Any CPU.ActiveCfg = Debug|Any CPU
		{CD8C9303-404B-FB8D-6B9B-21988D5CAC0A}.Debug|Any CPU.Build.0 = Debug|Any CPU
		{CD8C9303-404B-FB8D-6B9B-21988D5CAC0A}.Release|Any CPU.ActiveCfg = Release|Any CPU
		{CD8C9303-404B-FB8D-6B9B-21988D5CAC0A}.Release|Any CPU.Build.0 = Release|Any CPU
	EndGlobalSection
	GlobalSection(SolutionProperties) = preSolution
		HideSolutionNode = FALSE
	EndGlobalSection
	GlobalSection(MonoDevelopProperties) = preSolution
		StartupItem = Assembly-CSharp.csproj
	EndGlobalSection
EndGlobal
=======
﻿
Microsoft Visual Studio Solution File, Format Version 12.00
# Visual Studio 2015
Project("{FAE04EC0-301F-11D3-BF4B-00C04F79EFBC}") = "Unity.CSharp", "Unity.CSharp.csproj", "{4123F183-8F61-27AE-EA27-294DDE0CC7EB}"
EndProject
Project("{FAE04EC0-301F-11D3-BF4B-00C04F79EFBC}") = "Unity.CSharpTests", "..\Unity.CSharpTests\Unity.CSharpTests.csproj", "{44B5FA5F-0105-4B07-886B-B5EB2275810C}"
EndProject
Global
	GlobalSection(SolutionConfigurationPlatforms) = preSolution
		Debug|Any CPU = Debug|Any CPU
		Release|Any CPU = Release|Any CPU
	EndGlobalSection
	GlobalSection(ProjectConfigurationPlatforms) = postSolution
		{4123F183-8F61-27AE-EA27-294DDE0CC7EB}.Debug|Any CPU.ActiveCfg = Debug|Any CPU
		{4123F183-8F61-27AE-EA27-294DDE0CC7EB}.Debug|Any CPU.Build.0 = Debug|Any CPU
		{4123F183-8F61-27AE-EA27-294DDE0CC7EB}.Release|Any CPU.ActiveCfg = Release|Any CPU
		{4123F183-8F61-27AE-EA27-294DDE0CC7EB}.Release|Any CPU.Build.0 = Release|Any CPU
		{44B5FA5F-0105-4B07-886B-B5EB2275810C}.Debug|Any CPU.ActiveCfg = Debug|Any CPU
		{44B5FA5F-0105-4B07-886B-B5EB2275810C}.Debug|Any CPU.Build.0 = Debug|Any CPU
		{44B5FA5F-0105-4B07-886B-B5EB2275810C}.Release|Any CPU.ActiveCfg = Release|Any CPU
		{44B5FA5F-0105-4B07-886B-B5EB2275810C}.Release|Any CPU.Build.0 = Release|Any CPU
	EndGlobalSection
	GlobalSection(SolutionProperties) = preSolution
		HideSolutionNode = FALSE
	EndGlobalSection
EndGlobal
>>>>>>> refs/remotes/origin/dev
